{
  "name": "geshi",
  "version": "1.0.0",
  "lockfileVersion": 3,
  "requires": true,
  "packages": {
    "": {
      "name": "geshi",
      "version": "1.0.0",
      "workspaces": [
        "crawler",
        "logger",
        "model",
        "scribe",
        "ui"
      ]
    },
    "crawler": {
      "name": "@geshi/crawler",
      "version": "1.0.0"
    },
    "logger": {
      "name": "@geshi/logger",
      "version": "1.0.0"
    },
    "model": {
      "name": "@geshi/model",
      "version": "1.0.0"
    },
    "node_modules/@geshi/crawler": {
      "resolved": "crawler",
      "link": true
    },
    "node_modules/@geshi/logger": {
      "resolved": "logger",
      "link": true
    },
    "node_modules/@geshi/model": {
      "resolved": "model",
      "link": true
    },
    "node_modules/@geshi/scribe": {
      "resolved": "scribe",
      "link": true
    },
    "node_modules/@geshi/ui": {
      "resolved": "ui",
      "link": true
    },
    "scribe": {
      "name": "@geshi/scribe",
      "version": "1.0.0"
    },
    "ui": {
      "name": "@geshi/ui",
      "version": "1.0.0"
    }
  }
}
